// !$*UTF8*$!
{
	archiveVersion = 1;
	classes = {
	};
	objectVersion = 45;
	objects = {

/* Begin PBXBuildFile section */
		1D3623260D0F684500981E51 /* CommunityPointMobileAppDelegate.m in Sources */ = {isa = PBXBuildFile; fileRef = 1D3623250D0F684500981E51 /* CommunityPointMobileAppDelegate.m */; };
		1D60589B0D05DD56006BFB54 /* main.m in Sources */ = {isa = PBXBuildFile; fileRef = 29B97316FDCFA39411CA2CEA /* main.m */; };
		1D60589F0D05DD5A006BFB54 /* Foundation.framework in Frameworks */ = {isa = PBXBuildFile; fileRef = 1D30AB110D05D00D00671497 /* Foundation.framework */; };
		1DF5F4E00D08C38300B7A737 /* UIKit.framework in Frameworks */ = {isa = PBXBuildFile; fileRef = 1DF5F4DF0D08C38300B7A737 /* UIKit.framework */; };
		288765FD0DF74451002DB57D /* CoreGraphics.framework in Frameworks */ = {isa = PBXBuildFile; fileRef = 288765FC0DF74451002DB57D /* CoreGraphics.framework */; };
		28AD733F0D9D9553002E5188 /* MainWindow.xib in Resources */ = {isa = PBXBuildFile; fileRef = 28AD733E0D9D9553002E5188 /* MainWindow.xib */; };
		4057AC031166A87B004882F6 /* SearchViewController.m in Sources */ = {isa = PBXBuildFile; fileRef = 4057AC011166A87B004882F6 /* SearchViewController.m */; };
		4057AC041166A87B004882F6 /* SearchViewController.xib in Resources */ = {isa = PBXBuildFile; fileRef = 4057AC021166A87B004882F6 /* SearchViewController.xib */; };
		4057AC081166A899004882F6 /* BrowseViewController.m in Sources */ = {isa = PBXBuildFile; fileRef = 4057AC061166A899004882F6 /* BrowseViewController.m */; };
		4057AC091166A899004882F6 /* BrowseViewController.xib in Resources */ = {isa = PBXBuildFile; fileRef = 4057AC071166A899004882F6 /* BrowseViewController.xib */; };
		4057AC5A1166B309004882F6 /* NC211 Logo.png in Resources */ = {isa = PBXBuildFile; fileRef = 4057AC591166B309004882F6 /* NC211 Logo.png */; };
		4057AC6D1166B3DD004882F6 /* NSObject+SBJSON.m in Sources */ = {isa = PBXBuildFile; fileRef = 4057AC621166B3DC004882F6 /* NSObject+SBJSON.m */; };
		4057AC6E1166B3DD004882F6 /* NSString+SBJSON.m in Sources */ = {isa = PBXBuildFile; fileRef = 4057AC641166B3DC004882F6 /* NSString+SBJSON.m */; };
		4057AC6F1166B3DD004882F6 /* SBJSON.m in Sources */ = {isa = PBXBuildFile; fileRef = 4057AC661166B3DC004882F6 /* SBJSON.m */; };
		4057AC701166B3DD004882F6 /* SBJsonBase.m in Sources */ = {isa = PBXBuildFile; fileRef = 4057AC681166B3DD004882F6 /* SBJsonBase.m */; };
		4057AC711166B3DD004882F6 /* SBJsonParser.m in Sources */ = {isa = PBXBuildFile; fileRef = 4057AC6A1166B3DD004882F6 /* SBJsonParser.m */; };
		4057AC721166B3DD004882F6 /* SBJsonWriter.m in Sources */ = {isa = PBXBuildFile; fileRef = 4057AC6C1166B3DD004882F6 /* SBJsonWriter.m */; };
		4057AC781166D6DE004882F6 /* XServicesHelper.m in Sources */ = {isa = PBXBuildFile; fileRef = 4057AC771166D6DE004882F6 /* XServicesHelper.m */; };
		407F8BE81169139700425982 /* CPMResource.m in Sources */ = {isa = PBXBuildFile; fileRef = 407F8BE71169139700425982 /* CPMResource.m */; };
/* End PBXBuildFile section */

/* Begin PBXFileReference section */
		1D30AB110D05D00D00671497 /* Foundation.framework */ = {isa = PBXFileReference; lastKnownFileType = wrapper.framework; name = Foundation.framework; path = System/Library/Frameworks/Foundation.framework; sourceTree = SDKROOT; };
		1D3623240D0F684500981E51 /* CommunityPointMobileAppDelegate.h */ = {isa = PBXFileReference; fileEncoding = 4; lastKnownFileType = sourcecode.c.h; path = CommunityPointMobileAppDelegate.h; sourceTree = "<group>"; };
		1D3623250D0F684500981E51 /* CommunityPointMobileAppDelegate.m */ = {isa = PBXFileReference; fileEncoding = 4; lastKnownFileType = sourcecode.c.objc; path = CommunityPointMobileAppDelegate.m; sourceTree = "<group>"; };
		1D6058910D05DD3D006BFB54 /* CommunityPointMobile.app */ = {isa = PBXFileReference; explicitFileType = wrapper.application; includeInIndex = 0; path = CommunityPointMobile.app; sourceTree = BUILT_PRODUCTS_DIR; };
		1DF5F4DF0D08C38300B7A737 /* UIKit.framework */ = {isa = PBXFileReference; lastKnownFileType = wrapper.framework; name = UIKit.framework; path = System/Library/Frameworks/UIKit.framework; sourceTree = SDKROOT; };
		288765FC0DF74451002DB57D /* CoreGraphics.framework */ = {isa = PBXFileReference; lastKnownFileType = wrapper.framework; name = CoreGraphics.framework; path = System/Library/Frameworks/CoreGraphics.framework; sourceTree = SDKROOT; };
		28AD733E0D9D9553002E5188 /* MainWindow.xib */ = {isa = PBXFileReference; lastKnownFileType = file.xib; path = MainWindow.xib; sourceTree = "<group>"; };
		29B97316FDCFA39411CA2CEA /* main.m */ = {isa = PBXFileReference; fileEncoding = 4; lastKnownFileType = sourcecode.c.objc; path = main.m; sourceTree = "<group>"; };
		32CA4F630368D1EE00C91783 /* CommunityPointMobile_Prefix.pch */ = {isa = PBXFileReference; fileEncoding = 4; lastKnownFileType = sourcecode.c.h; path = CommunityPointMobile_Prefix.pch; sourceTree = "<group>"; };
		4057AC001166A87B004882F6 /* SearchViewController.h */ = {isa = PBXFileReference; fileEncoding = 4; lastKnownFileType = sourcecode.c.h; path = SearchViewController.h; sourceTree = "<group>"; };
		4057AC011166A87B004882F6 /* SearchViewController.m */ = {isa = PBXFileReference; fileEncoding = 4; lastKnownFileType = sourcecode.c.objc; path = SearchViewController.m; sourceTree = "<group>"; };
		4057AC021166A87B004882F6 /* SearchViewController.xib */ = {isa = PBXFileReference; lastKnownFileType = file.xib; path = SearchViewController.xib; sourceTree = "<group>"; };
		4057AC051166A899004882F6 /* BrowseViewController.h */ = {isa = PBXFileReference; fileEncoding = 4; lastKnownFileType = sourcecode.c.h; path = BrowseViewController.h; sourceTree = "<group>"; };
		4057AC061166A899004882F6 /* BrowseViewController.m */ = {isa = PBXFileReference; fileEncoding = 4; lastKnownFileType = sourcecode.c.objc; path = BrowseViewController.m; sourceTree = "<group>"; };
		4057AC071166A899004882F6 /* BrowseViewController.xib */ = {isa = PBXFileReference; lastKnownFileType = file.xib; path = BrowseViewController.xib; sourceTree = "<group>"; };
		4057AC591166B309004882F6 /* NC211 Logo.png */ = {isa = PBXFileReference; lastKnownFileType = image.png; name = "NC211 Logo.png"; path = "../../Downloads/NC211 Logo.png"; sourceTree = SOURCE_ROOT; };
		4057AC601166B3DC004882F6 /* JSON.h */ = {isa = PBXFileReference; fileEncoding = 4; lastKnownFileType = sourcecode.c.h; path = JSON.h; sourceTree = "<group>"; };
		4057AC611166B3DC004882F6 /* NSObject+SBJSON.h */ = {isa = PBXFileReference; fileEncoding = 4; lastKnownFileType = sourcecode.c.h; path = "NSObject+SBJSON.h"; sourceTree = "<group>"; };
		4057AC621166B3DC004882F6 /* NSObject+SBJSON.m */ = {isa = PBXFileReference; fileEncoding = 4; lastKnownFileType = sourcecode.c.objc; path = "NSObject+SBJSON.m"; sourceTree = "<group>"; };
		4057AC631166B3DC004882F6 /* NSString+SBJSON.h */ = {isa = PBXFileReference; fileEncoding = 4; lastKnownFileType = sourcecode.c.h; path = "NSString+SBJSON.h"; sourceTree = "<group>"; };
		4057AC641166B3DC004882F6 /* NSString+SBJSON.m */ = {isa = PBXFileReference; fileEncoding = 4; lastKnownFileType = sourcecode.c.objc; path = "NSString+SBJSON.m"; sourceTree = "<group>"; };
		4057AC651166B3DC004882F6 /* SBJSON.h */ = {isa = PBXFileReference; fileEncoding = 4; lastKnownFileType = sourcecode.c.h; path = SBJSON.h; sourceTree = "<group>"; };
		4057AC661166B3DC004882F6 /* SBJSON.m */ = {isa = PBXFileReference; fileEncoding = 4; lastKnownFileType = sourcecode.c.objc; path = SBJSON.m; sourceTree = "<group>"; };
		4057AC671166B3DC004882F6 /* SBJsonBase.h */ = {isa = PBXFileReference; fileEncoding = 4; lastKnownFileType = sourcecode.c.h; path = SBJsonBase.h; sourceTree = "<group>"; };
		4057AC681166B3DD004882F6 /* SBJsonBase.m */ = {isa = PBXFileReference; fileEncoding = 4; lastKnownFileType = sourcecode.c.objc; path = SBJsonBase.m; sourceTree = "<group>"; };
		4057AC691166B3DD004882F6 /* SBJsonParser.h */ = {isa = PBXFileReference; fileEncoding = 4; lastKnownFileType = sourcecode.c.h; path = SBJsonParser.h; sourceTree = "<group>"; };
		4057AC6A1166B3DD004882F6 /* SBJsonParser.m */ = {isa = PBXFileReference; fileEncoding = 4; lastKnownFileType = sourcecode.c.objc; path = SBJsonParser.m; sourceTree = "<group>"; };
		4057AC6B1166B3DD004882F6 /* SBJsonWriter.h */ = {isa = PBXFileReference; fileEncoding = 4; lastKnownFileType = sourcecode.c.h; path = SBJsonWriter.h; sourceTree = "<group>"; };
		4057AC6C1166B3DD004882F6 /* SBJsonWriter.m */ = {isa = PBXFileReference; fileEncoding = 4; lastKnownFileType = sourcecode.c.objc; path = SBJsonWriter.m; sourceTree = "<group>"; };
		4057AC761166D6DE004882F6 /* XServicesHelper.h */ = {isa = PBXFileReference; fileEncoding = 4; lastKnownFileType = sourcecode.c.h; path = XServicesHelper.h; sourceTree = "<group>"; };
		4057AC771166D6DE004882F6 /* XServicesHelper.m */ = {isa = PBXFileReference; fileEncoding = 4; lastKnownFileType = sourcecode.c.objc; path = XServicesHelper.m; sourceTree = "<group>"; };
		407F8BE61169139700425982 /* CPMResource.h */ = {isa = PBXFileReference; fileEncoding = 4; lastKnownFileType = sourcecode.c.h; path = CPMResource.h; sourceTree = "<group>"; };
		407F8BE71169139700425982 /* CPMResource.m */ = {isa = PBXFileReference; fileEncoding = 4; lastKnownFileType = sourcecode.c.objc; path = CPMResource.m; sourceTree = "<group>"; };
		8D1107310486CEB800E47090 /* CommunityPointMobile-Info.plist */ = {isa = PBXFileReference; fileEncoding = 4; lastKnownFileType = text.plist.xml; path = "CommunityPointMobile-Info.plist"; plistStructureDefinitionIdentifier = "com.apple.xcode.plist.structure-definition.iphone.info-plist"; sourceTree = "<group>"; };
/* End PBXFileReference section */

/* Begin PBXFrameworksBuildPhase section */
		1D60588F0D05DD3D006BFB54 /* Frameworks */ = {
			isa = PBXFrameworksBuildPhase;
			buildActionMask = 2147483647;
			files = (
				1D60589F0D05DD5A006BFB54 /* Foundation.framework in Frameworks */,
				1DF5F4E00D08C38300B7A737 /* UIKit.framework in Frameworks */,
				288765FD0DF74451002DB57D /* CoreGraphics.framework in Frameworks */,
			);
			runOnlyForDeploymentPostprocessing = 0;
		};
/* End PBXFrameworksBuildPhase section */

/* Begin PBXGroup section */
		080E96DDFE201D6D7F000001 /* Classes */ = {
			isa = PBXGroup;
			children = (
				4057AC5F1166B3DC004882F6 /* JSON */,
				1D3623240D0F684500981E51 /* CommunityPointMobileAppDelegate.h */,
				1D3623250D0F684500981E51 /* CommunityPointMobileAppDelegate.m */,
				4057AC001166A87B004882F6 /* SearchViewController.h */,
				4057AC011166A87B004882F6 /* SearchViewController.m */,
				4057AC021166A87B004882F6 /* SearchViewController.xib */,
				4057AC051166A899004882F6 /* BrowseViewController.h */,
				4057AC061166A899004882F6 /* BrowseViewController.m */,
				4057AC071166A899004882F6 /* BrowseViewController.xib */,
				4057AC761166D6DE004882F6 /* XServicesHelper.h */,
				4057AC771166D6DE004882F6 /* XServicesHelper.m */,
				407F8BE61169139700425982 /* CPMResource.h */,
				407F8BE71169139700425982 /* CPMResource.m */,
			);
			path = Classes;
			sourceTree = "<group>";
		};
		19C28FACFE9D520D11CA2CBB /* Products */ = {
			isa = PBXGroup;
			children = (
				1D6058910D05DD3D006BFB54 /* CommunityPointMobile.app */,
			);
			name = Products;
			sourceTree = "<group>";
		};
		29B97314FDCFA39411CA2CEA /* CustomTemplate */ = {
			isa = PBXGroup;
			children = (
				080E96DDFE201D6D7F000001 /* Classes */,
				29B97315FDCFA39411CA2CEA /* Other Sources */,
				29B97317FDCFA39411CA2CEA /* Resources */,
				29B97323FDCFA39411CA2CEA /* Frameworks */,
				19C28FACFE9D520D11CA2CBB /* Products */,
			);
			name = CustomTemplate;
			sourceTree = "<group>";
		};
		29B97315FDCFA39411CA2CEA /* Other Sources */ = {
			isa = PBXGroup;
			children = (
				32CA4F630368D1EE00C91783 /* CommunityPointMobile_Prefix.pch */,
				29B97316FDCFA39411CA2CEA /* main.m */,
			);
			name = "Other Sources";
			sourceTree = "<group>";
		};
		29B97317FDCFA39411CA2CEA /* Resources */ = {
			isa = PBXGroup;
			children = (
				4057AC591166B309004882F6 /* NC211 Logo.png */,
				28AD733E0D9D9553002E5188 /* MainWindow.xib */,
				8D1107310486CEB800E47090 /* CommunityPointMobile-Info.plist */,
			);
			name = Resources;
			sourceTree = "<group>";
		};
		29B97323FDCFA39411CA2CEA /* Frameworks */ = {
			isa = PBXGroup;
			children = (
				1DF5F4DF0D08C38300B7A737 /* UIKit.framework */,
				1D30AB110D05D00D00671497 /* Foundation.framework */,
				288765FC0DF74451002DB57D /* CoreGraphics.framework */,
			);
			name = Frameworks;
			sourceTree = "<group>";
		};
		4057AC5F1166B3DC004882F6 /* JSON */ = {
			isa = PBXGroup;
			children = (
				4057AC601166B3DC004882F6 /* JSON.h */,
				4057AC611166B3DC004882F6 /* NSObject+SBJSON.h */,
				4057AC621166B3DC004882F6 /* NSObject+SBJSON.m */,
				4057AC631166B3DC004882F6 /* NSString+SBJSON.h */,
				4057AC641166B3DC004882F6 /* NSString+SBJSON.m */,
				4057AC651166B3DC004882F6 /* SBJSON.h */,
				4057AC661166B3DC004882F6 /* SBJSON.m */,
				4057AC671166B3DC004882F6 /* SBJsonBase.h */,
				4057AC681166B3DD004882F6 /* SBJsonBase.m */,
				4057AC691166B3DD004882F6 /* SBJsonParser.h */,
				4057AC6A1166B3DD004882F6 /* SBJsonParser.m */,
				4057AC6B1166B3DD004882F6 /* SBJsonWriter.h */,
				4057AC6C1166B3DD004882F6 /* SBJsonWriter.m */,
			);
			path = JSON;
			sourceTree = "<group>";
		};
/* End PBXGroup section */

/* Begin PBXNativeTarget section */
		1D6058900D05DD3D006BFB54 /* CommunityPointMobile */ = {
			isa = PBXNativeTarget;
			buildConfigurationList = 1D6058960D05DD3E006BFB54 /* Build configuration list for PBXNativeTarget "CommunityPointMobile" */;
			buildPhases = (
				1D60588D0D05DD3D006BFB54 /* Resources */,
				1D60588E0D05DD3D006BFB54 /* Sources */,
				1D60588F0D05DD3D006BFB54 /* Frameworks */,
			);
			buildRules = (
			);
			dependencies = (
			);
			name = CommunityPointMobile;
			productName = CommunityPointMobile;
			productReference = 1D6058910D05DD3D006BFB54 /* CommunityPointMobile.app */;
			productType = "com.apple.product-type.application";
		};
/* End PBXNativeTarget section */

/* Begin PBXProject section */
		29B97313FDCFA39411CA2CEA /* Project object */ = {
			isa = PBXProject;
			buildConfigurationList = C01FCF4E08A954540054247B /* Build configuration list for PBXProject "CommunityPointMobile" */;
			compatibilityVersion = "Xcode 3.1";
			hasScannedForEncodings = 1;
			mainGroup = 29B97314FDCFA39411CA2CEA /* CustomTemplate */;
			projectDirPath = "";
			projectRoot = "";
			targets = (
				1D6058900D05DD3D006BFB54 /* CommunityPointMobile */,
			);
		};
/* End PBXProject section */

/* Begin PBXResourcesBuildPhase section */
		1D60588D0D05DD3D006BFB54 /* Resources */ = {
			isa = PBXResourcesBuildPhase;
			buildActionMask = 2147483647;
			files = (
				28AD733F0D9D9553002E5188 /* MainWindow.xib in Resources */,
				4057AC041166A87B004882F6 /* SearchViewController.xib in Resources */,
				4057AC091166A899004882F6 /* BrowseViewController.xib in Resources */,
				4057AC5A1166B309004882F6 /* NC211 Logo.png in Resources */,
			);
			runOnlyForDeploymentPostprocessing = 0;
		};
/* End PBXResourcesBuildPhase section */

/* Begin PBXSourcesBuildPhase section */
		1D60588E0D05DD3D006BFB54 /* Sources */ = {
			isa = PBXSourcesBuildPhase;
			buildActionMask = 2147483647;
			files = (
				1D60589B0D05DD56006BFB54 /* main.m in Sources */,
				1D3623260D0F684500981E51 /* CommunityPointMobileAppDelegate.m in Sources */,
				4057AC031166A87B004882F6 /* SearchViewController.m in Sources */,
				4057AC081166A899004882F6 /* BrowseViewController.m in Sources */,
				4057AC6D1166B3DD004882F6 /* NSObject+SBJSON.m in Sources */,
				4057AC6E1166B3DD004882F6 /* NSString+SBJSON.m in Sources */,
				4057AC6F1166B3DD004882F6 /* SBJSON.m in Sources */,
				4057AC701166B3DD004882F6 /* SBJsonBase.m in Sources */,
				4057AC711166B3DD004882F6 /* SBJsonParser.m in Sources */,
				4057AC721166B3DD004882F6 /* SBJsonWriter.m in Sources */,
				4057AC781166D6DE004882F6 /* XServicesHelper.m in Sources */,
				407F8BE81169139700425982 /* CPMResource.m in Sources */,
			);
			runOnlyForDeploymentPostprocessing = 0;
		};
/* End PBXSourcesBuildPhase section */

/* Begin XCBuildConfiguration section */
		1D6058940D05DD3E006BFB54 /* Debug */ = {
			isa = XCBuildConfiguration;
			buildSettings = {
				ALWAYS_SEARCH_USER_PATHS = NO;
				COPY_PHASE_STRIP = NO;
				GCC_DYNAMIC_NO_PIC = NO;
				GCC_OPTIMIZATION_LEVEL = 0;
				GCC_PRECOMPILE_PREFIX_HEADER = YES;
				GCC_PREFIX_HEADER = CommunityPointMobile_Prefix.pch;
				INFOPLIST_FILE = "CommunityPointMobile-Info.plist";
				PRODUCT_NAME = CommunityPointMobile;
				SDKROOT = iphonesimulator4.0;
			};
			name = Debug;
		};
		1D6058950D05DD3E006BFB54 /* Release */ = {
			isa = XCBuildConfiguration;
			buildSettings = {
				ALWAYS_SEARCH_USER_PATHS = NO;
				COPY_PHASE_STRIP = YES;
				GCC_PRECOMPILE_PREFIX_HEADER = YES;
				GCC_PREFIX_HEADER = CommunityPointMobile_Prefix.pch;
				INFOPLIST_FILE = "CommunityPointMobile-Info.plist";
				PRODUCT_NAME = CommunityPointMobile;
				SDKROOT = iphonesimulator4.0;
			};
			name = Release;
		};
		C01FCF4F08A954540054247B /* Debug */ = {
			isa = XCBuildConfiguration;
			buildSettings = {
				ARCHS = "$(ARCHS_STANDARD_32_BIT)";
				"CODE_SIGN_IDENTITY[sdk=iphoneos*]" = "iPhone Developer";
				GCC_C_LANGUAGE_STANDARD = c99;
				GCC_WARN_ABOUT_RETURN_TYPE = YES;
				GCC_WARN_UNUSED_VARIABLE = YES;
				PREBINDING = NO;
				SDKROOT = iphoneos3.1.3;
			};
			name = Debug;
		};
		C01FCF5008A954540054247B /* Release */ = {
			isa = XCBuildConfiguration;
			buildSettings = {
				ARCHS = "$(ARCHS_STANDARD_32_BIT)";
				"CODE_SIGN_IDENTITY[sdk=iphoneos*]" = "iPhone Developer";
				GCC_C_LANGUAGE_STANDARD = c99;
				GCC_WARN_ABOUT_RETURN_TYPE = YES;
				GCC_WARN_UNUSED_VARIABLE = YES;
				PREBINDING = NO;
				SDKROOT = iphoneos3.1.3;
			};
			name = Release;
		};
/* End XCBuildConfiguration section */

/* Begin XCConfigurationList section */
		1D6058960D05DD3E006BFB54 /* Build configuration list for PBXNativeTarget "CommunityPointMobile" */ = {
			isa = XCConfigurationList;
			buildConfigurations = (
				1D6058940D05DD3E006BFB54 /* Debug */,
				1D6058950D05DD3E006BFB54 /* Release */,
			);
			defaultConfigurationIsVisible = 0;
			defaultConfigurationName = Release;
		};
		C01FCF4E08A954540054247B /* Build configuration list for PBXProject "CommunityPointMobile" */ = {
			isa = XCConfigurationList;
			buildConfigurations = (
				C01FCF4F08A954540054247B /* Debug */,
				C01FCF5008A954540054247B /* Release */,
			);
			defaultConfigurationIsVisible = 0;
			defaultConfigurationName = Release;
		};
/* End XCConfigurationList section */
	};
	rootObject = 29B97313FDCFA39411CA2CEA /* Project object */;
}
