// !$*UTF8*$!
{
	archiveVersion = 1;
	classes = {
	};
	objectVersion = 45;
	objects = {

/* Begin PBXBuildFile section */
		1D3623260D0F684500981E51 /* CommunityPointMobileAppDelegate.m in Sources */ = {isa = PBXBuildFile; fileRef = 1D3623250D0F684500981E51 /* CommunityPointMobileAppDelegate.m */; };
		1D60589B0D05DD56006BFB54 /* main.m in Sources */ = {isa = PBXBuildFile; fileRef = 29B97316FDCFA39411CA2CEA /* main.m */; };
		1D60589F0D05DD5A006BFB54 /* Foundation.framework in Frameworks */ = {isa = PBXBuildFile; fileRef = 1D30AB110D05D00D00671497 /* Foundation.framework */; };
		1DF5F4E00D08C38300B7A737 /* UIKit.framework in Frameworks */ = {isa = PBXBuildFile; fileRef = 1DF5F4DF0D08C38300B7A737 /* UIKit.framework */; };
		288765FD0DF74451002DB57D /* CoreGraphics.framework in Frameworks */ = {isa = PBXBuildFile; fileRef = 288765FC0DF74451002DB57D /* CoreGraphics.framework */; };
		28AD733F0D9D9553002E5188 /* MainWindow.xib in Resources */ = {isa = PBXBuildFile; fileRef = 28AD733E0D9D9553002E5188 /* MainWindow.xib */; };
		40547BB81169335200F608E7 /* ResourceSearchResultCell.m in Sources */ = {isa = PBXBuildFile; fileRef = 40547BB71169335200F608E7 /* ResourceSearchResultCell.m */; };
		40547BBA1169337300F608E7 /* ResourceSearchResultCell.xib in Resources */ = {isa = PBXBuildFile; fileRef = 40547BB91169337300F608E7 /* ResourceSearchResultCell.xib */; };
		40547D6C116984AD00F608E7 /* ResourceDetailViewController.m in Sources */ = {isa = PBXBuildFile; fileRef = 40547D6A116984AD00F608E7 /* ResourceDetailViewController.m */; };
		40547D6D116984AD00F608E7 /* ResourceDetailViewController.xib in Resources */ = {isa = PBXBuildFile; fileRef = 40547D6B116984AD00F608E7 /* ResourceDetailViewController.xib */; };
		40547D9E11698BE700F608E7 /* MapKit.framework in Frameworks */ = {isa = PBXBuildFile; fileRef = 40547D9D11698BE700F608E7 /* MapKit.framework */; };
		4057AC031166A87B004882F6 /* SearchViewController.m in Sources */ = {isa = PBXBuildFile; fileRef = 4057AC011166A87B004882F6 /* SearchViewController.m */; };
		4057AC041166A87B004882F6 /* SearchViewController.xib in Resources */ = {isa = PBXBuildFile; fileRef = 4057AC021166A87B004882F6 /* SearchViewController.xib */; };
		4057AC081166A899004882F6 /* BrowseViewController.m in Sources */ = {isa = PBXBuildFile; fileRef = 4057AC061166A899004882F6 /* BrowseViewController.m */; };
		4057AC091166A899004882F6 /* BrowseViewController.xib in Resources */ = {isa = PBXBuildFile; fileRef = 4057AC071166A899004882F6 /* BrowseViewController.xib */; };
		4057AC6D1166B3DD004882F6 /* NSObject+SBJSON.m in Sources */ = {isa = PBXBuildFile; fileRef = 4057AC621166B3DC004882F6 /* NSObject+SBJSON.m */; };
		4057AC6E1166B3DD004882F6 /* NSString+SBJSON.m in Sources */ = {isa = PBXBuildFile; fileRef = 4057AC641166B3DC004882F6 /* NSString+SBJSON.m */; };
		4057AC6F1166B3DD004882F6 /* SBJSON.m in Sources */ = {isa = PBXBuildFile; fileRef = 4057AC661166B3DC004882F6 /* SBJSON.m */; };
		4057AC701166B3DD004882F6 /* SBJsonBase.m in Sources */ = {isa = PBXBuildFile; fileRef = 4057AC681166B3DD004882F6 /* SBJsonBase.m */; };
		4057AC711166B3DD004882F6 /* SBJsonParser.m in Sources */ = {isa = PBXBuildFile; fileRef = 4057AC6A1166B3DD004882F6 /* SBJsonParser.m */; };
		4057AC721166B3DD004882F6 /* SBJsonWriter.m in Sources */ = {isa = PBXBuildFile; fileRef = 4057AC6C1166B3DD004882F6 /* SBJsonWriter.m */; };
		4057AC781166D6DE004882F6 /* XServicesHelper.m in Sources */ = {isa = PBXBuildFile; fileRef = 4057AC771166D6DE004882F6 /* XServicesHelper.m */; };
		4068946511C6BC0E0054C494 /* Util.m in Sources */ = {isa = PBXBuildFile; fileRef = 4068946311C6BC0E0054C494 /* Util.m */; };
		407F8BE81169139700425982 /* CPMResource.m in Sources */ = {isa = PBXBuildFile; fileRef = 407F8BE71169139700425982 /* CPMResource.m */; };
		4093F9F711C6B3F300DC543A /* NC211 Logo.png in Resources */ = {isa = PBXBuildFile; fileRef = 4093F9F611C6B3F300DC543A /* NC211 Logo.png */; };
		40B1845011718E1500D937B1 /* CPMResourceDetail.m in Sources */ = {isa = PBXBuildFile; fileRef = 40B1844F11718E1500D937B1 /* CPMResourceDetail.m */; };
		40D2897A1172BA2E0095F032 /* DescriptionTextViewCell.m in Sources */ = {isa = PBXBuildFile; fileRef = 40D289791172BA2E0095F032 /* DescriptionTextViewCell.m */; };
		40D2897E1172BA570095F032 /* DescriptionTextViewCell.xib in Resources */ = {isa = PBXBuildFile; fileRef = 40D2897D1172BA570095F032 /* DescriptionTextViewCell.xib */; };
		40D289D21172C3840095F032 /* Icon.png in Resources */ = {isa = PBXBuildFile; fileRef = 40D289D11172C3840095F032 /* Icon.png */; };
		40D289E51172C65F0095F032 /* ResourceMapViewController.m in Sources */ = {isa = PBXBuildFile; fileRef = 40D289E31172C65F0095F032 /* ResourceMapViewController.m */; };
		40D289E61172C65F0095F032 /* ResourceMapViewController.xib in Resources */ = {isa = PBXBuildFile; fileRef = 40D289E41172C65F0095F032 /* ResourceMapViewController.xib */; };
		40D289EC1172C97D0095F032 /* CPMapAnnotation.m in Sources */ = {isa = PBXBuildFile; fileRef = 40D289EB1172C97D0095F032 /* CPMapAnnotation.m */; };
/* End PBXBuildFile section */

/* Begin PBXFileReference section */
		1D30AB110D05D00D00671497 /* Foundation.framework */ = {isa = PBXFileReference; lastKnownFileType = wrapper.framework; name = Foundation.framework; path = System/Library/Frameworks/Foundation.framework; sourceTree = SDKROOT; };
		1D3623240D0F684500981E51 /* CommunityPointMobileAppDelegate.h */ = {isa = PBXFileReference; fileEncoding = 4; lastKnownFileType = sourcecode.c.h; name = CommunityPointMobileAppDelegate.h; path = Classes/CommunityPointMobileAppDelegate.h; sourceTree = "<group>"; };
		1D3623250D0F684500981E51 /* CommunityPointMobileAppDelegate.m */ = {isa = PBXFileReference; fileEncoding = 4; lastKnownFileType = sourcecode.c.objc; name = CommunityPointMobileAppDelegate.m; path = Classes/CommunityPointMobileAppDelegate.m; sourceTree = "<group>"; };
		1D6058910D05DD3D006BFB54 /* CommunityPointMobile.app */ = {isa = PBXFileReference; explicitFileType = wrapper.application; includeInIndex = 0; path = CommunityPointMobile.app; sourceTree = BUILT_PRODUCTS_DIR; };
		1DF5F4DF0D08C38300B7A737 /* UIKit.framework */ = {isa = PBXFileReference; lastKnownFileType = wrapper.framework; name = UIKit.framework; path = System/Library/Frameworks/UIKit.framework; sourceTree = SDKROOT; };
		288765FC0DF74451002DB57D /* CoreGraphics.framework */ = {isa = PBXFileReference; lastKnownFileType = wrapper.framework; name = CoreGraphics.framework; path = System/Library/Frameworks/CoreGraphics.framework; sourceTree = SDKROOT; };
		28AD733E0D9D9553002E5188 /* MainWindow.xib */ = {isa = PBXFileReference; lastKnownFileType = file.xib; path = MainWindow.xib; sourceTree = "<group>"; };
		29B97316FDCFA39411CA2CEA /* main.m */ = {isa = PBXFileReference; fileEncoding = 4; lastKnownFileType = sourcecode.c.objc; path = main.m; sourceTree = "<group>"; };
		32CA4F630368D1EE00C91783 /* CommunityPointMobile_Prefix.pch */ = {isa = PBXFileReference; fileEncoding = 4; lastKnownFileType = sourcecode.c.h; path = CommunityPointMobile_Prefix.pch; sourceTree = "<group>"; };
		40547BB61169335200F608E7 /* ResourceSearchResultCell.h */ = {isa = PBXFileReference; fileEncoding = 4; lastKnownFileType = sourcecode.c.h; name = ResourceSearchResultCell.h; path = Classes/ResourceSearchResultCell.h; sourceTree = "<group>"; };
		40547BB71169335200F608E7 /* ResourceSearchResultCell.m */ = {isa = PBXFileReference; fileEncoding = 4; lastKnownFileType = sourcecode.c.objc; name = ResourceSearchResultCell.m; path = Classes/ResourceSearchResultCell.m; sourceTree = "<group>"; };
		40547BB91169337300F608E7 /* ResourceSearchResultCell.xib */ = {isa = PBXFileReference; lastKnownFileType = file.xib; path = ResourceSearchResultCell.xib; sourceTree = "<group>"; };
		40547D69116984AD00F608E7 /* ResourceDetailViewController.h */ = {isa = PBXFileReference; fileEncoding = 4; lastKnownFileType = sourcecode.c.h; name = ResourceDetailViewController.h; path = Classes/ResourceDetailViewController.h; sourceTree = "<group>"; };
		40547D6A116984AD00F608E7 /* ResourceDetailViewController.m */ = {isa = PBXFileReference; fileEncoding = 4; lastKnownFileType = sourcecode.c.objc; name = ResourceDetailViewController.m; path = Classes/ResourceDetailViewController.m; sourceTree = "<group>"; };
		40547D6B116984AD00F608E7 /* ResourceDetailViewController.xib */ = {isa = PBXFileReference; lastKnownFileType = file.xib; name = ResourceDetailViewController.xib; path = Classes/ResourceDetailViewController.xib; sourceTree = "<group>"; };
		40547D9D11698BE700F608E7 /* MapKit.framework */ = {isa = PBXFileReference; lastKnownFileType = wrapper.framework; name = MapKit.framework; path = System/Library/Frameworks/MapKit.framework; sourceTree = SDKROOT; };
		4057AC001166A87B004882F6 /* SearchViewController.h */ = {isa = PBXFileReference; fileEncoding = 4; lastKnownFileType = sourcecode.c.h; name = SearchViewController.h; path = Classes/SearchViewController.h; sourceTree = "<group>"; };
		4057AC011166A87B004882F6 /* SearchViewController.m */ = {isa = PBXFileReference; fileEncoding = 4; lastKnownFileType = sourcecode.c.objc; name = SearchViewController.m; path = Classes/SearchViewController.m; sourceTree = "<group>"; };
		4057AC021166A87B004882F6 /* SearchViewController.xib */ = {isa = PBXFileReference; lastKnownFileType = file.xib; name = SearchViewController.xib; path = Classes/SearchViewController.xib; sourceTree = "<group>"; };
		4057AC051166A899004882F6 /* BrowseViewController.h */ = {isa = PBXFileReference; fileEncoding = 4; lastKnownFileType = sourcecode.c.h; path = BrowseViewController.h; sourceTree = "<group>"; };
		4057AC061166A899004882F6 /* BrowseViewController.m */ = {isa = PBXFileReference; fileEncoding = 4; lastKnownFileType = sourcecode.c.objc; path = BrowseViewController.m; sourceTree = "<group>"; };
		4057AC071166A899004882F6 /* BrowseViewController.xib */ = {isa = PBXFileReference; lastKnownFileType = file.xib; path = BrowseViewController.xib; sourceTree = "<group>"; };
		4057AC601166B3DC004882F6 /* JSON.h */ = {isa = PBXFileReference; fileEncoding = 4; lastKnownFileType = sourcecode.c.h; path = JSON.h; sourceTree = "<group>"; };
		4057AC611166B3DC004882F6 /* NSObject+SBJSON.h */ = {isa = PBXFileReference; fileEncoding = 4; lastKnownFileType = sourcecode.c.h; path = "NSObject+SBJSON.h"; sourceTree = "<group>"; };
		4057AC621166B3DC004882F6 /* NSObject+SBJSON.m */ = {isa = PBXFileReference; fileEncoding = 4; lastKnownFileType = sourcecode.c.objc; path = "NSObject+SBJSON.m"; sourceTree = "<group>"; };
		4057AC631166B3DC004882F6 /* NSString+SBJSON.h */ = {isa = PBXFileReference; fileEncoding = 4; lastKnownFileType = sourcecode.c.h; path = "NSString+SBJSON.h"; sourceTree = "<group>"; };
		4057AC641166B3DC004882F6 /* NSString+SBJSON.m */ = {isa = PBXFileReference; fileEncoding = 4; lastKnownFileType = sourcecode.c.objc; path = "NSString+SBJSON.m"; sourceTree = "<group>"; };
		4057AC651166B3DC004882F6 /* SBJSON.h */ = {isa = PBXFileReference; fileEncoding = 4; lastKnownFileType = sourcecode.c.h; path = SBJSON.h; sourceTree = "<group>"; };
		4057AC661166B3DC004882F6 /* SBJSON.m */ = {isa = PBXFileReference; fileEncoding = 4; lastKnownFileType = sourcecode.c.objc; path = SBJSON.m; sourceTree = "<group>"; };
		4057AC671166B3DC004882F6 /* SBJsonBase.h */ = {isa = PBXFileReference; fileEncoding = 4; lastKnownFileType = sourcecode.c.h; path = SBJsonBase.h; sourceTree = "<group>"; };
		4057AC681166B3DD004882F6 /* SBJsonBase.m */ = {isa = PBXFileReference; fileEncoding = 4; lastKnownFileType = sourcecode.c.objc; path = SBJsonBase.m; sourceTree = "<group>"; };
		4057AC691166B3DD004882F6 /* SBJsonParser.h */ = {isa = PBXFileReference; fileEncoding = 4; lastKnownFileType = sourcecode.c.h; path = SBJsonParser.h; sourceTree = "<group>"; };
		4057AC6A1166B3DD004882F6 /* SBJsonParser.m */ = {isa = PBXFileReference; fileEncoding = 4; lastKnownFileType = sourcecode.c.objc; path = SBJsonParser.m; sourceTree = "<group>"; };
		4057AC6B1166B3DD004882F6 /* SBJsonWriter.h */ = {isa = PBXFileReference; fileEncoding = 4; lastKnownFileType = sourcecode.c.h; path = SBJsonWriter.h; sourceTree = "<group>"; };
		4057AC6C1166B3DD004882F6 /* SBJsonWriter.m */ = {isa = PBXFileReference; fileEncoding = 4; lastKnownFileType = sourcecode.c.objc; path = SBJsonWriter.m; sourceTree = "<group>"; };
		4057AC761166D6DE004882F6 /* XServicesHelper.h */ = {isa = PBXFileReference; fileEncoding = 4; lastKnownFileType = sourcecode.c.h; name = XServicesHelper.h; path = Classes/XServicesHelper.h; sourceTree = "<group>"; };
		4057AC771166D6DE004882F6 /* XServicesHelper.m */ = {isa = PBXFileReference; fileEncoding = 4; lastKnownFileType = sourcecode.c.objc; name = XServicesHelper.m; path = Classes/XServicesHelper.m; sourceTree = "<group>"; };
		4068946311C6BC0E0054C494 /* Util.m */ = {isa = PBXFileReference; fileEncoding = 4; lastKnownFileType = sourcecode.c.objc; path = Util.m; sourceTree = "<group>"; };
		4068946411C6BC0E0054C494 /* Util.h */ = {isa = PBXFileReference; fileEncoding = 4; lastKnownFileType = sourcecode.c.h; path = Util.h; sourceTree = "<group>"; };
		407F8BE61169139700425982 /* CPMResource.h */ = {isa = PBXFileReference; fileEncoding = 4; lastKnownFileType = sourcecode.c.h; name = CPMResource.h; path = Classes/CPMResource.h; sourceTree = "<group>"; };
		407F8BE71169139700425982 /* CPMResource.m */ = {isa = PBXFileReference; fileEncoding = 4; lastKnownFileType = sourcecode.c.objc; name = CPMResource.m; path = Classes/CPMResource.m; sourceTree = "<group>"; };
		4093F9F611C6B3F300DC543A /* NC211 Logo.png */ = {isa = PBXFileReference; lastKnownFileType = image.png; path = "NC211 Logo.png"; sourceTree = "<group>"; };
		40B1844E11718E1500D937B1 /* CPMResourceDetail.h */ = {isa = PBXFileReference; fileEncoding = 4; lastKnownFileType = sourcecode.c.h; name = CPMResourceDetail.h; path = Classes/CPMResourceDetail.h; sourceTree = "<group>"; };
		40B1844F11718E1500D937B1 /* CPMResourceDetail.m */ = {isa = PBXFileReference; fileEncoding = 4; lastKnownFileType = sourcecode.c.objc; name = CPMResourceDetail.m; path = Classes/CPMResourceDetail.m; sourceTree = "<group>"; };
		40D289781172BA2E0095F032 /* DescriptionTextViewCell.h */ = {isa = PBXFileReference; fileEncoding = 4; lastKnownFileType = sourcecode.c.h; path = DescriptionTextViewCell.h; sourceTree = "<group>"; };
		40D289791172BA2E0095F032 /* DescriptionTextViewCell.m */ = {isa = PBXFileReference; fileEncoding = 4; lastKnownFileType = sourcecode.c.objc; path = DescriptionTextViewCell.m; sourceTree = "<group>"; };
		40D2897D1172BA570095F032 /* DescriptionTextViewCell.xib */ = {isa = PBXFileReference; lastKnownFileType = file.xib; path = DescriptionTextViewCell.xib; sourceTree = "<group>"; };
		40D289D11172C3840095F032 /* Icon.png */ = {isa = PBXFileReference; lastKnownFileType = image.png; path = Icon.png; sourceTree = "<group>"; };
		40D289E21172C65F0095F032 /* ResourceMapViewController.h */ = {isa = PBXFileReference; fileEncoding = 4; lastKnownFileType = sourcecode.c.h; path = ResourceMapViewController.h; sourceTree = "<group>"; };
		40D289E31172C65F0095F032 /* ResourceMapViewController.m */ = {isa = PBXFileReference; fileEncoding = 4; lastKnownFileType = sourcecode.c.objc; path = ResourceMapViewController.m; sourceTree = "<group>"; };
		40D289E41172C65F0095F032 /* ResourceMapViewController.xib */ = {isa = PBXFileReference; lastKnownFileType = file.xib; path = ResourceMapViewController.xib; sourceTree = "<group>"; };
		40D289EA1172C97D0095F032 /* CPMapAnnotation.h */ = {isa = PBXFileReference; fileEncoding = 4; lastKnownFileType = sourcecode.c.h; path = CPMapAnnotation.h; sourceTree = "<group>"; };
		40D289EB1172C97D0095F032 /* CPMapAnnotation.m */ = {isa = PBXFileReference; fileEncoding = 4; lastKnownFileType = sourcecode.c.objc; path = CPMapAnnotation.m; sourceTree = "<group>"; };
		8D1107310486CEB800E47090 /* CommunityPointMobile-Info.plist */ = {isa = PBXFileReference; fileEncoding = 4; lastKnownFileType = text.plist.xml; path = "CommunityPointMobile-Info.plist"; plistStructureDefinitionIdentifier = "com.apple.xcode.plist.structure-definition.iphone.info-plist"; sourceTree = "<group>"; };
/* End PBXFileReference section */

/* Begin PBXFrameworksBuildPhase section */
		1D60588F0D05DD3D006BFB54 /* Frameworks */ = {
			isa = PBXFrameworksBuildPhase;
			buildActionMask = 2147483647;
			files = (
				1D60589F0D05DD5A006BFB54 /* Foundation.framework in Frameworks */,
				1DF5F4E00D08C38300B7A737 /* UIKit.framework in Frameworks */,
				288765FD0DF74451002DB57D /* CoreGraphics.framework in Frameworks */,
				40547D9E11698BE700F608E7 /* MapKit.framework in Frameworks */,
			);
			runOnlyForDeploymentPostprocessing = 0;
		};
/* End PBXFrameworksBuildPhase section */

/* Begin PBXGroup section */
		080E96DDFE201D6D7F000001 /* Classes */ = {
			isa = PBXGroup;
			children = (
				4057AC051166A899004882F6 /* BrowseViewController.h */,
				4057AC061166A899004882F6 /* BrowseViewController.m */,
				4057AC071166A899004882F6 /* BrowseViewController.xib */,
			);
			path = Classes;
			sourceTree = "<group>";
		};
		19C28FACFE9D520D11CA2CBB /* Products */ = {
			isa = PBXGroup;
			children = (
				1D6058910D05DD3D006BFB54 /* CommunityPointMobile.app */,
			);
			name = Products;
			sourceTree = "<group>";
		};
		29B97314FDCFA39411CA2CEA /* CustomTemplate */ = {
			isa = PBXGroup;
			children = (
				40B1839E11717DB300D937B1 /* Search Views */,
				40B1839D11717D9F00D937B1 /* MainWindow */,
				40B1839B11717D5800D937B1 /* Service Code */,
				080E96DDFE201D6D7F000001 /* Classes */,
				29B97315FDCFA39411CA2CEA /* Other Sources */,
				4068946311C6BC0E0054C494 /* Util.m */,
				4068946411C6BC0E0054C494 /* Util.h */,
				29B97317FDCFA39411CA2CEA /* Resources */,
				29B97323FDCFA39411CA2CEA /* Frameworks */,
				19C28FACFE9D520D11CA2CBB /* Products */,
			);
			name = CustomTemplate;
			sourceTree = "<group>";
		};
		29B97315FDCFA39411CA2CEA /* Other Sources */ = {
			isa = PBXGroup;
			children = (
				32CA4F630368D1EE00C91783 /* CommunityPointMobile_Prefix.pch */,
				29B97316FDCFA39411CA2CEA /* main.m */,
				40D289EA1172C97D0095F032 /* CPMapAnnotation.h */,
				40D289EB1172C97D0095F032 /* CPMapAnnotation.m */,
			);
			name = "Other Sources";
			sourceTree = "<group>";
		};
		29B97317FDCFA39411CA2CEA /* Resources */ = {
			isa = PBXGroup;
			children = (
				4093F9F611C6B3F300DC543A /* NC211 Logo.png */,
				40D289D11172C3840095F032 /* Icon.png */,
				8D1107310486CEB800E47090 /* CommunityPointMobile-Info.plist */,
				40547BB91169337300F608E7 /* ResourceSearchResultCell.xib */,
			);
			name = Resources;
			sourceTree = "<group>";
		};
		29B97323FDCFA39411CA2CEA /* Frameworks */ = {
			isa = PBXGroup;
			children = (
				1DF5F4DF0D08C38300B7A737 /* UIKit.framework */,
				1D30AB110D05D00D00671497 /* Foundation.framework */,
				288765FC0DF74451002DB57D /* CoreGraphics.framework */,
				40547D9D11698BE700F608E7 /* MapKit.framework */,
			);
			name = Frameworks;
			sourceTree = "<group>";
		};
		4057AC5F1166B3DC004882F6 /* JSON */ = {
			isa = PBXGroup;
			children = (
				4057AC601166B3DC004882F6 /* JSON.h */,
				4057AC611166B3DC004882F6 /* NSObject+SBJSON.h */,
				4057AC621166B3DC004882F6 /* NSObject+SBJSON.m */,
				4057AC631166B3DC004882F6 /* NSString+SBJSON.h */,
				4057AC641166B3DC004882F6 /* NSString+SBJSON.m */,
				4057AC651166B3DC004882F6 /* SBJSON.h */,
				4057AC661166B3DC004882F6 /* SBJSON.m */,
				4057AC671166B3DC004882F6 /* SBJsonBase.h */,
				4057AC681166B3DD004882F6 /* SBJsonBase.m */,
				4057AC691166B3DD004882F6 /* SBJsonParser.h */,
				4057AC6A1166B3DD004882F6 /* SBJsonParser.m */,
				4057AC6B1166B3DD004882F6 /* SBJsonWriter.h */,
				4057AC6C1166B3DD004882F6 /* SBJsonWriter.m */,
			);
			name = JSON;
			path = Classes/JSON;
			sourceTree = "<group>";
		};
		40B1839B11717D5800D937B1 /* Service Code */ = {
			isa = PBXGroup;
			children = (
				40B1839C11717D8C00D937B1 /* Model Objects */,
				4057AC761166D6DE004882F6 /* XServicesHelper.h */,
				4057AC771166D6DE004882F6 /* XServicesHelper.m */,
				4057AC5F1166B3DC004882F6 /* JSON */,
			);
			name = "Service Code";
			sourceTree = "<group>";
		};
		40B1839C11717D8C00D937B1 /* Model Objects */ = {
			isa = PBXGroup;
			children = (
				407F8BE61169139700425982 /* CPMResource.h */,
				407F8BE71169139700425982 /* CPMResource.m */,
				40B1844E11718E1500D937B1 /* CPMResourceDetail.h */,
				40B1844F11718E1500D937B1 /* CPMResourceDetail.m */,
			);
			name = "Model Objects";
			sourceTree = "<group>";
		};
		40B1839D11717D9F00D937B1 /* MainWindow */ = {
			isa = PBXGroup;
			children = (
				1D3623240D0F684500981E51 /* CommunityPointMobileAppDelegate.h */,
				1D3623250D0F684500981E51 /* CommunityPointMobileAppDelegate.m */,
				28AD733E0D9D9553002E5188 /* MainWindow.xib */,
			);
			name = MainWindow;
			sourceTree = "<group>";
		};
		40B1839E11717DB300D937B1 /* Search Views */ = {
			isa = PBXGroup;
			children = (
				4057AC001166A87B004882F6 /* SearchViewController.h */,
				4057AC011166A87B004882F6 /* SearchViewController.m */,
				4057AC021166A87B004882F6 /* SearchViewController.xib */,
				40547BB61169335200F608E7 /* ResourceSearchResultCell.h */,
				40547BB71169335200F608E7 /* ResourceSearchResultCell.m */,
				40547D69116984AD00F608E7 /* ResourceDetailViewController.h */,
				40547D6A116984AD00F608E7 /* ResourceDetailViewController.m */,
				40547D6B116984AD00F608E7 /* ResourceDetailViewController.xib */,
				40D289781172BA2E0095F032 /* DescriptionTextViewCell.h */,
				40D289791172BA2E0095F032 /* DescriptionTextViewCell.m */,
				40D2897D1172BA570095F032 /* DescriptionTextViewCell.xib */,
				40D289E21172C65F0095F032 /* ResourceMapViewController.h */,
				40D289E31172C65F0095F032 /* ResourceMapViewController.m */,
				40D289E41172C65F0095F032 /* ResourceMapViewController.xib */,
			);
			name = "Search Views";
			sourceTree = "<group>";
		};
/* End PBXGroup section */

/* Begin PBXNativeTarget section */
		1D6058900D05DD3D006BFB54 /* CommunityPointMobile */ = {
			isa = PBXNativeTarget;
			buildConfigurationList = 1D6058960D05DD3E006BFB54 /* Build configuration list for PBXNativeTarget "CommunityPointMobile" */;
			buildPhases = (
				1D60588D0D05DD3D006BFB54 /* Resources */,
				1D60588E0D05DD3D006BFB54 /* Sources */,
				1D60588F0D05DD3D006BFB54 /* Frameworks */,
			);
			buildRules = (
			);
			dependencies = (
			);
			name = CommunityPointMobile;
			productName = CommunityPointMobile;
			productReference = 1D6058910D05DD3D006BFB54 /* CommunityPointMobile.app */;
			productType = "com.apple.product-type.application";
		};
/* End PBXNativeTarget section */

/* Begin PBXProject section */
		29B97313FDCFA39411CA2CEA /* Project object */ = {
			isa = PBXProject;
			buildConfigurationList = C01FCF4E08A954540054247B /* Build configuration list for PBXProject "CommunityPointMobile" */;
			compatibilityVersion = "Xcode 3.1";
			hasScannedForEncodings = 1;
			mainGroup = 29B97314FDCFA39411CA2CEA /* CustomTemplate */;
			projectDirPath = "";
			projectRoot = "";
			targets = (
				1D6058900D05DD3D006BFB54 /* CommunityPointMobile */,
			);
		};
/* End PBXProject section */

/* Begin PBXResourcesBuildPhase section */
		1D60588D0D05DD3D006BFB54 /* Resources */ = {
			isa = PBXResourcesBuildPhase;
			buildActionMask = 2147483647;
			files = (
				28AD733F0D9D9553002E5188 /* MainWindow.xib in Resources */,
				4057AC041166A87B004882F6 /* SearchViewController.xib in Resources */,
				4057AC091166A899004882F6 /* BrowseViewController.xib in Resources */,
				40547BBA1169337300F608E7 /* ResourceSearchResultCell.xib in Resources */,
				40547D6D116984AD00F608E7 /* ResourceDetailViewController.xib in Resources */,
				40D2897E1172BA570095F032 /* DescriptionTextViewCell.xib in Resources */,
				40D289D21172C3840095F032 /* Icon.png in Resources */,
				40D289E61172C65F0095F032 /* ResourceMapViewController.xib in Resources */,
				4093F9F711C6B3F300DC543A /* NC211 Logo.png in Resources */,
			);
			runOnlyForDeploymentPostprocessing = 0;
		};
/* End PBXResourcesBuildPhase section */

/* Begin PBXSourcesBuildPhase section */
		1D60588E0D05DD3D006BFB54 /* Sources */ = {
			isa = PBXSourcesBuildPhase;
			buildActionMask = 2147483647;
			files = (
				1D60589B0D05DD56006BFB54 /* main.m in Sources */,
				1D3623260D0F684500981E51 /* CommunityPointMobileAppDelegate.m in Sources */,
				4057AC031166A87B004882F6 /* SearchViewController.m in Sources */,
				4057AC081166A899004882F6 /* BrowseViewController.m in Sources */,
				4057AC6D1166B3DD004882F6 /* NSObject+SBJSON.m in Sources */,
				4057AC6E1166B3DD004882F6 /* NSString+SBJSON.m in Sources */,
				4057AC6F1166B3DD004882F6 /* SBJSON.m in Sources */,
				4057AC701166B3DD004882F6 /* SBJsonBase.m in Sources */,
				4057AC711166B3DD004882F6 /* SBJsonParser.m in Sources */,
				4057AC721166B3DD004882F6 /* SBJsonWriter.m in Sources */,
				4057AC781166D6DE004882F6 /* XServicesHelper.m in Sources */,
				407F8BE81169139700425982 /* CPMResource.m in Sources */,
				40547BB81169335200F608E7 /* ResourceSearchResultCell.m in Sources */,
				40547D6C116984AD00F608E7 /* ResourceDetailViewController.m in Sources */,
				40B1845011718E1500D937B1 /* CPMResourceDetail.m in Sources */,
				40D2897A1172BA2E0095F032 /* DescriptionTextViewCell.m in Sources */,
				40D289E51172C65F0095F032 /* ResourceMapViewController.m in Sources */,
				40D289EC1172C97D0095F032 /* CPMapAnnotation.m in Sources */,
				4068946511C6BC0E0054C494 /* Util.m in Sources */,
			);
			runOnlyForDeploymentPostprocessing = 0;
		};
/* End PBXSourcesBuildPhase section */

/* Begin XCBuildConfiguration section */
		1D6058940D05DD3E006BFB54 /* Debug */ = {
			isa = XCBuildConfiguration;
			buildSettings = {
				ALWAYS_SEARCH_USER_PATHS = NO;
				COPY_PHASE_STRIP = NO;
				GCC_DYNAMIC_NO_PIC = NO;
				GCC_OPTIMIZATION_LEVEL = 0;
				GCC_PRECOMPILE_PREFIX_HEADER = YES;
				GCC_PREFIX_HEADER = CommunityPointMobile_Prefix.pch;
				INFOPLIST_FILE = "CommunityPointMobile-Info.plist";
				PRODUCT_NAME = CommunityPointMobile;
			};
			name = Debug;
		};
		1D6058950D05DD3E006BFB54 /* Release */ = {
			isa = XCBuildConfiguration;
			buildSettings = {
				ALWAYS_SEARCH_USER_PATHS = NO;
				COPY_PHASE_STRIP = YES;
				GCC_PRECOMPILE_PREFIX_HEADER = YES;
				GCC_PREFIX_HEADER = CommunityPointMobile_Prefix.pch;
				INFOPLIST_FILE = "CommunityPointMobile-Info.plist";
				PRODUCT_NAME = CommunityPointMobile;
			};
			name = Release;
		};
		C01FCF4F08A954540054247B /* Debug */ = {
			isa = XCBuildConfiguration;
			buildSettings = {
				ARCHS = "$(ARCHS_STANDARD_32_BIT)";
				"CODE_SIGN_IDENTITY[sdk=iphoneos*]" = "iPhone Developer";
				GCC_C_LANGUAGE_STANDARD = c99;
				GCC_WARN_ABOUT_RETURN_TYPE = YES;
				GCC_WARN_UNUSED_VARIABLE = YES;
				PREBINDING = NO;
				SDKROOT = iphoneos4.0;
			};
			name = Debug;
		};
		C01FCF5008A954540054247B /* Release */ = {
			isa = XCBuildConfiguration;
			buildSettings = {
				ARCHS = "$(ARCHS_STANDARD_32_BIT)";
				"CODE_SIGN_IDENTITY[sdk=iphoneos*]" = "iPhone Developer";
				GCC_C_LANGUAGE_STANDARD = c99;
				GCC_WARN_ABOUT_RETURN_TYPE = YES;
				GCC_WARN_UNUSED_VARIABLE = YES;
				PREBINDING = NO;
				SDKROOT = iphoneos4.0;
			};
			name = Release;
		};
/* End XCBuildConfiguration section */

/* Begin XCConfigurationList section */
		1D6058960D05DD3E006BFB54 /* Build configuration list for PBXNativeTarget "CommunityPointMobile" */ = {
			isa = XCConfigurationList;
			buildConfigurations = (
				1D6058940D05DD3E006BFB54 /* Debug */,
				1D6058950D05DD3E006BFB54 /* Release */,
			);
			defaultConfigurationIsVisible = 0;
			defaultConfigurationName = Release;
		};
		C01FCF4E08A954540054247B /* Build configuration list for PBXProject "CommunityPointMobile" */ = {
			isa = XCConfigurationList;
			buildConfigurations = (
				C01FCF4F08A954540054247B /* Debug */,
				C01FCF5008A954540054247B /* Release */,
			);
			defaultConfigurationIsVisible = 0;
			defaultConfigurationName = Release;
		};
/* End XCConfigurationList section */
	};
	rootObject = 29B97313FDCFA39411CA2CEA /* Project object */;
}
